
Microsoft Visual Studio Solution File, Format Version 12.00
# Visual Studio Version 16
VisualStudioVersion = 16.0.34601.136
MinimumVisualStudioVersion = 10.0.40219.1
Project("{FAE04EC0-301F-11D3-BF4B-00C04F79EFBC}") = "LastikOtomasyonu", "LastikOtomasyonu\LastikOtomasyonu.csproj", "{34B6AD98-6A55-43AA-9F54-417DD3A90547}"
EndProject
Global
	GlobalSection(SolutionConfigurationPlatforms) = preSolution
		Debug|Any CPU = Debug|Any CPU
		Release|Any CPU = Release|Any CPU
	EndGlobalSection
	GlobalSection(ProjectConfigurationPlatforms) = postSolution
		{34B6AD98-6A55-43AA-9F54-417DD3A90547}.Debug|Any CPU.ActiveCfg = Debug|Any CPU
		{34B6AD98-6A55-43AA-9F54-417DD3A90547}.Debug|Any CPU.Build.0 = Debug|Any CPU
		{34B6AD98-6A55-43AA-9F54-417DD3A90547}.Release|Any CPU.ActiveCfg = Release|Any CPU
		{34B6AD98-6A55-43AA-9F54-417DD3A90547}.Release|Any CPU.Build.0 = Release|Any CPU
	EndGlobalSection
	GlobalSection(SolutionProperties) = preSolution
		HideSolutionNode = FALSE
	EndGlobalSection
	GlobalSection(ExtensibilityGlobals) = postSolution
		SolutionGuid = {A14A500A-EF72-43C3-9CE1-E14CFA35072B}
	EndGlobalSection
EndGlobal
